
Microsoft Visual Studio Solution File, Format Version 12.00
# Visual Studio 15
VisualStudioVersion = 15.0.27428.2002
MinimumVisualStudioVersion = 10.0.40219.1
Project("{FAE04EC0-301F-11D3-BF4B-00C04F79EFBC}") = "Lab9", "Lab9\Lab9.csproj", "{9340DA41-12E4-4828-8360-F58386B5DA92}"
EndProject
Project("{FAE04EC0-301F-11D3-BF4B-00C04F79EFBC}") = "Lab9.Tests", "Lab9.Tests\Lab9.Tests.csproj", "{A2D3CCA9-7EA5-499D-B4AC-5139557D7BC3}"
EndProject
Project("{FAE04EC0-301F-11D3-BF4B-00C04F79EFBC}") = "Lab9UnitTest", "Lab9UnitTest\Lab9UnitTest.csproj", "{91A76BA4-6B53-4CA4-82E3-FCC5064528E2}"
EndProject
Project("{FAE04EC0-301F-11D3-BF4B-00C04F79EFBC}") = "TheAppAPI", "TheAppAPI\TheAppAPI.csproj", "{E1CF10B0-C0B4-4B8D-B124-A6DD19B34B65}"
EndProject
Global
	GlobalSection(SolutionConfigurationPlatforms) = preSolution
		Debug|Any CPU = Debug|Any CPU
		Release|Any CPU = Release|Any CPU
	EndGlobalSection
	GlobalSection(ProjectConfigurationPlatforms) = postSolution
		{9340DA41-12E4-4828-8360-F58386B5DA92}.Debug|Any CPU.ActiveCfg = Debug|Any CPU
		{9340DA41-12E4-4828-8360-F58386B5DA92}.Debug|Any CPU.Build.0 = Debug|Any CPU
		{9340DA41-12E4-4828-8360-F58386B5DA92}.Release|Any CPU.ActiveCfg = Release|Any CPU
		{9340DA41-12E4-4828-8360-F58386B5DA92}.Release|Any CPU.Build.0 = Release|Any CPU
		{A2D3CCA9-7EA5-499D-B4AC-5139557D7BC3}.Debug|Any CPU.ActiveCfg = Debug|Any CPU
		{A2D3CCA9-7EA5-499D-B4AC-5139557D7BC3}.Debug|Any CPU.Build.0 = Debug|Any CPU
		{A2D3CCA9-7EA5-499D-B4AC-5139557D7BC3}.Release|Any CPU.ActiveCfg = Release|Any CPU
		{A2D3CCA9-7EA5-499D-B4AC-5139557D7BC3}.Release|Any CPU.Build.0 = Release|Any CPU
		{91A76BA4-6B53-4CA4-82E3-FCC5064528E2}.Debug|Any CPU.ActiveCfg = Debug|Any CPU
		{91A76BA4-6B53-4CA4-82E3-FCC5064528E2}.Debug|Any CPU.Build.0 = Debug|Any CPU
		{91A76BA4-6B53-4CA4-82E3-FCC5064528E2}.Release|Any CPU.ActiveCfg = Release|Any CPU
		{91A76BA4-6B53-4CA4-82E3-FCC5064528E2}.Release|Any CPU.Build.0 = Release|Any CPU
		{E1CF10B0-C0B4-4B8D-B124-A6DD19B34B65}.Debug|Any CPU.ActiveCfg = Debug|Any CPU
		{E1CF10B0-C0B4-4B8D-B124-A6DD19B34B65}.Debug|Any CPU.Build.0 = Debug|Any CPU
		{E1CF10B0-C0B4-4B8D-B124-A6DD19B34B65}.Release|Any CPU.ActiveCfg = Release|Any CPU
		{E1CF10B0-C0B4-4B8D-B124-A6DD19B34B65}.Release|Any CPU.Build.0 = Release|Any CPU
	EndGlobalSection
	GlobalSection(SolutionProperties) = preSolution
		HideSolutionNode = FALSE
	EndGlobalSection
	GlobalSection(ExtensibilityGlobals) = postSolution
		SolutionGuid = {3D6C09CD-2E65-4860-BE63-B9D4F037AF4C}
	EndGlobalSection
EndGlobal
